{
    "_meta": {
        "hash": {
            "sha256": "a6cdae5375b0426d288cb28e6293b3dc2ec7ed2fae6ca3cad3991be11e6ce3c8"
        },
        "pipfile-spec": 6,
        "requires": {
            "python_version": "3.7"
        },
        "sources": [
            {
                "name": "pypi",
                "url": "https://pypi.org/simple",
                "verify_ssl": true
            }
        ]
    },
    "default": {
        "bottle": {
            "hashes": [
                "sha256:1896a33b2c7c5be07491e6789e341f2e9593a0ff024cc0374615118587c81647",
                "sha256:e9eaa412a60cc3d42ceb42f58d15864d9ed1b92e9d630b8130c871c5bb16107c"
            ],
            "index": "pypi",
            "version": "==0.12.17"
        }
    },
    "develop": {}
}
